// !$*UTF8*$!
{
	archiveVersion = 1;
	classes = {
	};
	objectVersion = 46;
	objects = {

/* Begin PBXBuildFile section */
		DE9EF00E1BB6265D00A8E00E /* main.cpp in Sources */ = {isa = PBXBuildFile; fileRef = DE9EF00D1BB6265D00A8E00E /* main.cpp */; };
/* End PBXBuildFile section */

/* Begin PBXCopyFilesBuildPhase section */
		DE9EF0081BB6265D00A8E00E /* CopyFiles */ = {
			isa = PBXCopyFilesBuildPhase;
			buildActionMask = 2147483647;
			dstPath = /usr/share/man/man1/;
			dstSubfolderSpec = 0;
			files = (
			);
			runOnlyForDeploymentPostprocessing = 1;
		};
/* End PBXCopyFilesBuildPhase section */

/* Begin PBXFileReference section */
		DE9EF00A1BB6265D00A8E00E /* C++ */ = {isa = PBXFileReference; explicitFileType = "compiled.mach-o.executable"; includeInIndex = 0; path = "C++"; sourceTree = BUILT_PRODUCTS_DIR; };
		DE9EF00D1BB6265D00A8E00E /* main.cpp */ = {isa = PBXFileReference; lastKnownFileType = sourcecode.cpp.cpp; path = main.cpp; sourceTree = "<group>"; };
/* End PBXFileReference section */

/* Begin PBXFrameworksBuildPhase section */
		DE9EF0071BB6265D00A8E00E /* Frameworks */ = {
			isa = PBXFrameworksBuildPhase;
			buildActionMask = 2147483647;
			files = (
			);
			runOnlyForDeploymentPostprocessing = 0;
		};
/* End PBXFrameworksBuildPhase section */

/* Begin PBXGroup section */
		DE9EF0011BB6265D00A8E00E = {
			isa = PBXGroup;
			children = (
				DE9EF00C1BB6265D00A8E00E /* C++ */,
				DE9EF00B1BB6265D00A8E00E /* Products */,
			);
			sourceTree = "<group>";
		};
		DE9EF00B1BB6265D00A8E00E /* Products */ = {
			isa = PBXGroup;
			children = (
				DE9EF00A1BB6265D00A8E00E /* C++ */,
			);
			name = Products;
			sourceTree = "<group>";
		};
		DE9EF00C1BB6265D00A8E00E /* C++ */ = {
			isa = PBXGroup;
			children = (
				DE9EF00D1BB6265D00A8E00E /* main.cpp */,
			);
			path = "C++";
			sourceTree = "<group>";
		};
/* End PBXGroup section */

/* Begin PBXNativeTarget section */
		DE9EF0091BB6265D00A8E00E /* C++ */ = {
			isa = PBXNativeTarget;
			buildConfigurationList = DE9EF0111BB6265D00A8E00E /* Build configuration list for PBXNativeTarget "C++" */;
			buildPhases = (
				DE9EF0061BB6265D00A8E00E /* Sources */,
				DE9EF0071BB6265D00A8E00E /* Frameworks */,
				DE9EF0081BB6265D00A8E00E /* CopyFiles */,
			);
			buildRules = (
			);
			dependencies = (
			);
			name = "C++";
			productName = "C++";
			productReference = DE9EF00A1BB6265D00A8E00E /* C++ */;
			productType = "com.apple.product-type.tool";
		};
/* End PBXNativeTarget section */

/* Begin PBXProject section */
		DE9EF0021BB6265D00A8E00E /* Project object */ = {
			isa = PBXProject;
			attributes = {
				LastUpgradeCheck = 0700;
				ORGANIZATIONNAME = "SARATH CHERIYAN JOSEPH";
				TargetAttributes = {
					DE9EF0091BB6265D00A8E00E = {
						CreatedOnToolsVersion = 7.0;
					};
				};
			};
			buildConfigurationList = DE9EF0051BB6265D00A8E00E /* Build configuration list for PBXProject "C++" */;
			compatibilityVersion = "Xcode 3.2";
			developmentRegion = English;
			hasScannedForEncodings = 0;
			knownRegions = (
				en,
			);
			mainGroup = DE9EF0011BB6265D00A8E00E;
			productRefGroup = DE9EF00B1BB6265D00A8E00E /* Products */;
			projectDirPath = "";
			projectRoot = "";
			targets = (
				DE9EF0091BB6265D00A8E00E /* C++ */,
			);
		};
/* End PBXProject section */

/* Begin PBXSourcesBuildPhase section */
		DE9EF0061BB6265D00A8E00E /* Sources */ = {
			isa = PBXSourcesBuildPhase;
			buildActionMask = 2147483647;
			files = (
				DE9EF00E1BB6265D00A8E00E /* main.cpp in Sources */,
			);
			runOnlyForDeploymentPostprocessing = 0;
		};
/* End PBXSourcesBuildPhase section */

/* Begin XCBuildConfiguration section */
		DE9EF00F1BB6265D00A8E00E /* Debug */ = {
			isa = XCBuildConfiguration;
			buildSettings = {
				ALWAYS_SEARCH_USER_PATHS = NO;
				CLANG_CXX_LANGUAGE_STANDARD = "gnu++0x";
				CLANG_CXX_LIBRARY = "libc++";
				CLANG_ENABLE_MODULES = YES;
				CLANG_ENABLE_OBJC_ARC = YES;
				CLANG_WARN_BOOL_CONVERSION = YES;
				CLANG_WARN_CONSTANT_CONVERSION = YES;
				CLANG_WARN_DIRECT_OBJC_ISA_USAGE = YES_ERROR;
				CLANG_WARN_EMPTY_BODY = YES;
				CLANG_WARN_ENUM_CONVERSION = YES;
				CLANG_WARN_INT_CONVERSION = YES;
				CLANG_WARN_OBJC_ROOT_CLASS = YES_ERROR;
				CLANG_WARN_UNREACHABLE_CODE = YES;
				CLANG_WARN__DUPLICATE_METHOD_MATCH = YES;
				COPY_PHASE_STRIP = NO;
				DEBUG_INFORMATION_FORMAT = dwarf;
				ENABLE_STRICT_OBJC_MSGSEND = YES;
				ENABLE_TESTABILITY = YES;
				GCC_C_LANGUAGE_STANDARD = gnu99;
				GCC_DYNAMIC_NO_PIC = NO;
				GCC_NO_COMMON_BLOCKS = YES;
				GCC_OPTIMIZATION_LEVEL = 0;
				GCC_PREPROCESSOR_DEFINITIONS = (
					"DEBUG=1",
					"$(inherited)",
				);
				GCC_WARN_64_TO_32_BIT_CONVERSION = YES;
				GCC_WARN_ABOUT_RETURN_TYPE = YES_ERROR;
				GCC_WARN_UNDECLARED_SELECTOR = YES;
				GCC_WARN_UNINITIALIZED_AUTOS = YES_AGGRESSIVE;
				GCC_WARN_UNUSED_FUNCTION = YES;
				GCC_WARN_UNUSED_VARIABLE = YES;
				MACOSX_DEPLOYMENT_TARGET = 10.10;
				MTL_ENABLE_DEBUG_INFO = YES;
				ONLY_ACTIVE_ARCH = YES;
				SDKROOT = macosx;
			};
			name = Debug;
		};
		DE9EF0101BB6265D00A8E00E /* Release */ = {
			isa = XCBuildConfiguration;
			buildSettings = {
				ALWAYS_SEARCH_USER_PATHS = NO;
				CLANG_CXX_LANGUAGE_STANDARD = "gnu++0x";
				CLANG_CXX_LIBRARY = "libc++";
				CLANG_ENABLE_MODULES = YES;
				CLANG_ENABLE_OBJC_ARC = YES;
				CLANG_WARN_BOOL_CONVERSION = YES;
				CLANG_WARN_CONSTANT_CONVERSION = YES;
				CLANG_WARN_DIRECT_OBJC_ISA_USAGE = YES_ERROR;
				CLANG_WARN_EMPTY_BODY = YES;
				CLANG_WARN_ENUM_CONVERSION = YES;
				CLANG_WARN_INT_CONVERSION = YES;
				CLANG_WARN_OBJC_ROOT_CLASS = YES_ERROR;
				CLANG_WARN_UNREACHABLE_CODE = YES;
				CLANG_WARN__DUPLICATE_METHOD_MATCH = YES;
				COPY_PHASE_STRIP = NO;
				DEBUG_INFORMATION_FORMAT = "dwarf-with-dsym";
				ENABLE_NS_ASSERTIONS = NO;
				ENABLE_STRICT_OBJC_MSGSEND = YES;
				GCC_C_LANGUAGE_STANDARD = gnu99;
				GCC_NO_COMMON_BLOCKS = YES;
				GCC_WARN_64_TO_32_BIT_CONVERSION = YES;
				GCC_WARN_ABOUT_RETURN_TYPE = YES_ERROR;
				GCC_WARN_UNDECLARED_SELECTOR = YES;
				GCC_WARN_UNINITIALIZED_AUTOS = YES_AGGRESSIVE;
				GCC_WARN_UNUSED_FUNCTION = YES;
				GCC_WARN_UNUSED_VARIABLE = YES;
				MACOSX_DEPLOYMENT_TARGET = 10.10;
				MTL_ENABLE_DEBUG_INFO = NO;
				SDKROOT = macosx;
			};
			name = Release;
		};
		DE9EF0121BB6265D00A8E00E /* Debug */ = {
			isa = XCBuildConfiguration;
			buildSettings = {
				PRODUCT_NAME = "$(TARGET_NAME)";
			};
			name = Debug;
		};
		DE9EF0131BB6265D00A8E00E /* Release */ = {
			isa = XCBuildConfiguration;
			buildSettings = {
				PRODUCT_NAME = "$(TARGET_NAME)";
			};
			name = Release;
		};
/* End XCBuildConfiguration section */

/* Begin XCConfigurationList section */
		DE9EF0051BB6265D00A8E00E /* Build configuration list for PBXProject "C++" */ = {
			isa = XCConfigurationList;
			buildConfigurations = (
				DE9EF00F1BB6265D00A8E00E /* Debug */,
				DE9EF0101BB6265D00A8E00E /* Release */,
			);
			defaultConfigurationIsVisible = 0;
			defaultConfigurationName = Release;
		};
		DE9EF0111BB6265D00A8E00E /* Build configuration list for PBXNativeTarget "C++" */ = {
			isa = XCConfigurationList;
			buildConfigurations = (
				DE9EF0121BB6265D00A8E00E /* Debug */,
				DE9EF0131BB6265D00A8E00E /* Release */,
			);
			defaultConfigurationIsVisible = 0;
		};
/* End XCConfigurationList section */
	};
	rootObject = DE9EF0021BB6265D00A8E00E /* Project object */;
}
